
Microsoft Visual Studio Solution File, Format Version 12.00
# Visual Studio Version 17
VisualStudioVersion = 17.14.37516.0 d17.14
MinimumVisualStudioVersion = 10.0.40219.1
Project("{FAE04EC0-301F-11D3-BF4B-00C04F79EFBC}") = "BE", "BE\BE.csproj", "{8DBE8B5B-E5BE-46D1-A7F8-897FCD9A852E}"
EndProject
Project("{FAE04EC0-301F-11D3-BF4B-00C04F79EFBC}") = "FE", "FE\FE.csproj", "{58CD63A9-C628-4E96-9989-D4BBB4F68108}"
EndProject
Global
	GlobalSection(SolutionConfigurationPlatforms) = preSolution
		Debug|Any CPU = Debug|Any CPU
		Release|Any CPU = Release|Any CPU
	EndGlobalSection
	GlobalSection(ProjectConfigurationPlatforms) = postSolution
		{8DBE8B5B-E5BE-46D1-A7F8-897FCD9A852E}.Debug|Any CPU.ActiveCfg = Debug|Any CPU
		{8DBE8B5B-E5BE-46D1-A7F8-897FCD9A852E}.Debug|Any CPU.Build.0 = Debug|Any CPU
		{8DBE8B5B-E5BE-46D1-A7F8-897FCD9A852E}.Release|Any CPU.ActiveCfg = Release|Any CPU
		{8DBE8B5B-E5BE-46D1-A7F8-897FCD9A852E}.Release|Any CPU.Build.0 = Release|Any CPU
		{58CD63A9-C628-4E96-9989-D4BBB4F68108}.Debug|Any CPU.ActiveCfg = Debug|Any CPU
		{58CD63A9-C628-4E96-9989-D4BBB4F68108}.Debug|Any CPU.Build.0 = Debug|Any CPU
		{58CD63A9-C628-4E96-9989-D4BBB4F68108}.Release|Any CPU.ActiveCfg = Release|Any CPU
		{58CD63A9-C628-4E96-9989-D4BBB4F68108}.Release|Any CPU.Build.0 = Release|Any CPU
	EndGlobalSection
	GlobalSection(SolutionProperties) = preSolution
		HideSolutionNode = FALSE
	EndGlobalSection
	GlobalSection(ExtensibilityGlobals) = postSolution
		SolutionGuid = {143019B3-FE9F-403C-86A2-218BA3EE84AB}
	EndGlobalSection
EndGlobal
